// !$*UTF8*$!
{
	archiveVersion = 1;
	classes = {
	};
	objectVersion = 56;
	objects = {

/* Begin PBXBuildFile section */
		7A2A8F882A1445D300B1A343 /* Color.swift in Sources */ = {isa = PBXBuildFile; fileRef = 7A2A8F872A1445D300B1A343 /* Color.swift */; };
		7A2A8F8E2A1449D700B1A343 /* HomeView.swift in Sources */ = {isa = PBXBuildFile; fileRef = 7A2A8F8D2A1449D700B1A343 /* HomeView.swift */; };
		7A2A8F922A144B2300B1A343 /* CircleButtonView.swift in Sources */ = {isa = PBXBuildFile; fileRef = 7A2A8F912A144B2300B1A343 /* CircleButtonView.swift */; };
		7A2A8F942A1457D100B1A343 /* CircleButtonAnimationView.swift in Sources */ = {isa = PBXBuildFile; fileRef = 7A2A8F932A1457D100B1A343 /* CircleButtonAnimationView.swift */; };
		7A2A8F972A15B1F500B1A343 /* CoinModel.swift in Sources */ = {isa = PBXBuildFile; fileRef = 7A2A8F962A15B1F500B1A343 /* CoinModel.swift */; };
		7A8EB84F2A143C4400CCBE92 /* SwiftfulCryptoApp.swift in Sources */ = {isa = PBXBuildFile; fileRef = 7A8EB84E2A143C4400CCBE92 /* SwiftfulCryptoApp.swift */; };
		7A8EB8512A143C4400CCBE92 /* ContentView.swift in Sources */ = {isa = PBXBuildFile; fileRef = 7A8EB8502A143C4400CCBE92 /* ContentView.swift */; };
		7A8EB8532A143C4600CCBE92 /* Assets.xcassets in Resources */ = {isa = PBXBuildFile; fileRef = 7A8EB8522A143C4600CCBE92 /* Assets.xcassets */; };
		7A8EB8562A143C4600CCBE92 /* Preview Assets.xcassets in Resources */ = {isa = PBXBuildFile; fileRef = 7A8EB8552A143C4600CCBE92 /* Preview Assets.xcassets */; };
/* End PBXBuildFile section */

/* Begin PBXFileReference section */
		7A2A8F872A1445D300B1A343 /* Color.swift */ = {isa = PBXFileReference; lastKnownFileType = sourcecode.swift; path = Color.swift; sourceTree = "<group>"; };
		7A2A8F8D2A1449D700B1A343 /* HomeView.swift */ = {isa = PBXFileReference; lastKnownFileType = sourcecode.swift; path = HomeView.swift; sourceTree = "<group>"; };
		7A2A8F912A144B2300B1A343 /* CircleButtonView.swift */ = {isa = PBXFileReference; lastKnownFileType = sourcecode.swift; path = CircleButtonView.swift; sourceTree = "<group>"; };
		7A2A8F932A1457D100B1A343 /* CircleButtonAnimationView.swift */ = {isa = PBXFileReference; lastKnownFileType = sourcecode.swift; path = CircleButtonAnimationView.swift; sourceTree = "<group>"; };
		7A2A8F962A15B1F500B1A343 /* CoinModel.swift */ = {isa = PBXFileReference; lastKnownFileType = sourcecode.swift; path = CoinModel.swift; sourceTree = "<group>"; };
		7A8EB84B2A143C4400CCBE92 /* SwiftfulCrypto.app */ = {isa = PBXFileReference; explicitFileType = wrapper.application; includeInIndex = 0; path = SwiftfulCrypto.app; sourceTree = BUILT_PRODUCTS_DIR; };
		7A8EB84E2A143C4400CCBE92 /* SwiftfulCryptoApp.swift */ = {isa = PBXFileReference; lastKnownFileType = sourcecode.swift; path = SwiftfulCryptoApp.swift; sourceTree = "<group>"; };
		7A8EB8502A143C4400CCBE92 /* ContentView.swift */ = {isa = PBXFileReference; lastKnownFileType = sourcecode.swift; path = ContentView.swift; sourceTree = "<group>"; };
		7A8EB8522A143C4600CCBE92 /* Assets.xcassets */ = {isa = PBXFileReference; lastKnownFileType = folder.assetcatalog; path = Assets.xcassets; sourceTree = "<group>"; };
		7A8EB8552A143C4600CCBE92 /* Preview Assets.xcassets */ = {isa = PBXFileReference; lastKnownFileType = folder.assetcatalog; path = "Preview Assets.xcassets"; sourceTree = "<group>"; };
/* End PBXFileReference section */

/* Begin PBXFrameworksBuildPhase section */
		7A8EB8482A143C4400CCBE92 /* Frameworks */ = {
			isa = PBXFrameworksBuildPhase;
			buildActionMask = 2147483647;
			files = (
			);
			runOnlyForDeploymentPostprocessing = 0;
		};
/* End PBXFrameworksBuildPhase section */

/* Begin PBXGroup section */
		7A2A8F862A1445C200B1A343 /* Extensions */ = {
			isa = PBXGroup;
			children = (
				7A2A8F872A1445D300B1A343 /* Color.swift */,
			);
			path = Extensions;
			sourceTree = "<group>";
		};
		7A2A8F892A14498700B1A343 /* Core */ = {
			isa = PBXGroup;
			children = (
				7A2A8F8F2A144AF000B1A343 /* Components */,
				7A2A8F8A2A14499900B1A343 /* Home */,
			);
			path = Core;
			sourceTree = "<group>";
		};
		7A2A8F8A2A14499900B1A343 /* Home */ = {
			isa = PBXGroup;
			children = (
				7A2A8F8C2A1449B200B1A343 /* ViewModels */,
				7A2A8F8B2A1449A500B1A343 /* Views */,
			);
			path = Home;
			sourceTree = "<group>";
		};
		7A2A8F8B2A1449A500B1A343 /* Views */ = {
			isa = PBXGroup;
			children = (
				7A2A8F8D2A1449D700B1A343 /* HomeView.swift */,
			);
			path = Views;
			sourceTree = "<group>";
		};
		7A2A8F8C2A1449B200B1A343 /* ViewModels */ = {
			isa = PBXGroup;
			children = (
			);
			path = ViewModels;
			sourceTree = "<group>";
		};
		7A2A8F8F2A144AF000B1A343 /* Components */ = {
			isa = PBXGroup;
			children = (
				7A2A8F902A144B0B00B1A343 /* CircleButton */,
			);
			path = Components;
			sourceTree = "<group>";
		};
		7A2A8F902A144B0B00B1A343 /* CircleButton */ = {
			isa = PBXGroup;
			children = (
				7A2A8F912A144B2300B1A343 /* CircleButtonView.swift */,
				7A2A8F932A1457D100B1A343 /* CircleButtonAnimationView.swift */,
			);
			path = CircleButton;
			sourceTree = "<group>";
		};
		7A2A8F952A15B1AB00B1A343 /* Models */ = {
			isa = PBXGroup;
			children = (
				7A2A8F962A15B1F500B1A343 /* CoinModel.swift */,
			);
			path = Models;
			sourceTree = "<group>";
		};
		7A8EB8422A143C4400CCBE92 = {
			isa = PBXGroup;
			children = (
				7A8EB84D2A143C4400CCBE92 /* SwiftfulCrypto */,
				7A8EB84C2A143C4400CCBE92 /* Products */,
			);
			sourceTree = "<group>";
		};
		7A8EB84C2A143C4400CCBE92 /* Products */ = {
			isa = PBXGroup;
			children = (
				7A8EB84B2A143C4400CCBE92 /* SwiftfulCrypto.app */,
			);
			name = Products;
			sourceTree = "<group>";
		};
		7A8EB84D2A143C4400CCBE92 /* SwiftfulCrypto */ = {
			isa = PBXGroup;
			children = (
				7A8EB84E2A143C4400CCBE92 /* SwiftfulCryptoApp.swift */,
				7A2A8F862A1445C200B1A343 /* Extensions */,
				7A2A8F952A15B1AB00B1A343 /* Models */,
				7A2A8F892A14498700B1A343 /* Core */,
				7A8EB8502A143C4400CCBE92 /* ContentView.swift */,
				7A8EB8522A143C4600CCBE92 /* Assets.xcassets */,
				7A8EB8542A143C4600CCBE92 /* Preview Content */,
			);
			path = SwiftfulCrypto;
			sourceTree = "<group>";
		};
		7A8EB8542A143C4600CCBE92 /* Preview Content */ = {
			isa = PBXGroup;
			children = (
				7A8EB8552A143C4600CCBE92 /* Preview Assets.xcassets */,
			);
			path = "Preview Content";
			sourceTree = "<group>";
		};
/* End PBXGroup section */

/* Begin PBXNativeTarget section */
		7A8EB84A2A143C4400CCBE92 /* SwiftfulCrypto */ = {
			isa = PBXNativeTarget;
			buildConfigurationList = 7A8EB8592A143C4600CCBE92 /* Build configuration list for PBXNativeTarget "SwiftfulCrypto" */;
			buildPhases = (
				7A8EB8472A143C4400CCBE92 /* Sources */,
				7A8EB8482A143C4400CCBE92 /* Frameworks */,
				7A8EB8492A143C4400CCBE92 /* Resources */,
			);
			buildRules = (
			);
			dependencies = (
			);
			name = SwiftfulCrypto;
			productName = SwiftfulCrypto;
			productReference = 7A8EB84B2A143C4400CCBE92 /* SwiftfulCrypto.app */;
			productType = "com.apple.product-type.application";
		};
/* End PBXNativeTarget section */

/* Begin PBXProject section */
		7A8EB8432A143C4400CCBE92 /* Project object */ = {
			isa = PBXProject;
			attributes = {
				BuildIndependentTargetsInParallel = 1;
				LastSwiftUpdateCheck = 1420;
				LastUpgradeCheck = 1420;
				TargetAttributes = {
					7A8EB84A2A143C4400CCBE92 = {
						CreatedOnToolsVersion = 14.2;
					};
				};
			};
			buildConfigurationList = 7A8EB8462A143C4400CCBE92 /* Build configuration list for PBXProject "SwiftfulCrypto" */;
			compatibilityVersion = "Xcode 14.0";
			developmentRegion = en;
			hasScannedForEncodings = 0;
			knownRegions = (
				en,
				Base,
			);
			mainGroup = 7A8EB8422A143C4400CCBE92;
			productRefGroup = 7A8EB84C2A143C4400CCBE92 /* Products */;
			projectDirPath = "";
			projectRoot = "";
			targets = (
				7A8EB84A2A143C4400CCBE92 /* SwiftfulCrypto */,
			);
		};
/* End PBXProject section */

/* Begin PBXResourcesBuildPhase section */
		7A8EB8492A143C4400CCBE92 /* Resources */ = {
			isa = PBXResourcesBuildPhase;
			buildActionMask = 2147483647;
			files = (
				7A8EB8562A143C4600CCBE92 /* Preview Assets.xcassets in Resources */,
				7A8EB8532A143C4600CCBE92 /* Assets.xcassets in Resources */,
			);
			runOnlyForDeploymentPostprocessing = 0;
		};
/* End PBXResourcesBuildPhase section */

/* Begin PBXSourcesBuildPhase section */
		7A8EB8472A143C4400CCBE92 /* Sources */ = {
			isa = PBXSourcesBuildPhase;
			buildActionMask = 2147483647;
			files = (
				7A8EB8512A143C4400CCBE92 /* ContentView.swift in Sources */,
				7A2A8F8E2A1449D700B1A343 /* HomeView.swift in Sources */,
				7A8EB84F2A143C4400CCBE92 /* SwiftfulCryptoApp.swift in Sources */,
				7A2A8F922A144B2300B1A343 /* CircleButtonView.swift in Sources */,
				7A2A8F882A1445D300B1A343 /* Color.swift in Sources */,
				7A2A8F942A1457D100B1A343 /* CircleButtonAnimationView.swift in Sources */,
				7A2A8F972A15B1F500B1A343 /* CoinModel.swift in Sources */,
			);
			runOnlyForDeploymentPostprocessing = 0;
		};
/* End PBXSourcesBuildPhase section */

/* Begin XCBuildConfiguration section */
		7A8EB8572A143C4600CCBE92 /* Debug */ = {
			isa = XCBuildConfiguration;
			buildSettings = {
				ALWAYS_SEARCH_USER_PATHS = NO;
				CLANG_ANALYZER_NONNULL = YES;
				CLANG_ANALYZER_NUMBER_OBJECT_CONVERSION = YES_AGGRESSIVE;
				CLANG_CXX_LANGUAGE_STANDARD = "gnu++20";
				CLANG_ENABLE_MODULES = YES;
				CLANG_ENABLE_OBJC_ARC = YES;
				CLANG_ENABLE_OBJC_WEAK = YES;
				CLANG_WARN_BLOCK_CAPTURE_AUTORELEASING = YES;
				CLANG_WARN_BOOL_CONVERSION = YES;
				CLANG_WARN_COMMA = YES;
				CLANG_WARN_CONSTANT_CONVERSION = YES;
				CLANG_WARN_DEPRECATED_OBJC_IMPLEMENTATIONS = YES;
				CLANG_WARN_DIRECT_OBJC_ISA_USAGE = YES_ERROR;
				CLANG_WARN_DOCUMENTATION_COMMENTS = YES;
				CLANG_WARN_EMPTY_BODY = YES;
				CLANG_WARN_ENUM_CONVERSION = YES;
				CLANG_WARN_INFINITE_RECURSION = YES;
				CLANG_WARN_INT_CONVERSION = YES;
				CLANG_WARN_NON_LITERAL_NULL_CONVERSION = YES;
				CLANG_WARN_OBJC_IMPLICIT_RETAIN_SELF = YES;
				CLANG_WARN_OBJC_LITERAL_CONVERSION = YES;
				CLANG_WARN_OBJC_ROOT_CLASS = YES_ERROR;
				CLANG_WARN_QUOTED_INCLUDE_IN_FRAMEWORK_HEADER = YES;
				CLANG_WARN_RANGE_LOOP_ANALYSIS = YES;
				CLANG_WARN_STRICT_PROTOTYPES = YES;
				CLANG_WARN_SUSPICIOUS_MOVE = YES;
				CLANG_WARN_UNGUARDED_AVAILABILITY = YES_AGGRESSIVE;
				CLANG_WARN_UNREACHABLE_CODE = YES;
				CLANG_WARN__DUPLICATE_METHOD_MATCH = YES;
				COPY_PHASE_STRIP = NO;
				DEBUG_INFORMATION_FORMAT = dwarf;
				ENABLE_STRICT_OBJC_MSGSEND = YES;
				ENABLE_TESTABILITY = YES;
				GCC_C_LANGUAGE_STANDARD = gnu11;
				GCC_DYNAMIC_NO_PIC = NO;
				GCC_NO_COMMON_BLOCKS = YES;
				GCC_OPTIMIZATION_LEVEL = 0;
				GCC_PREPROCESSOR_DEFINITIONS = (
					"DEBUG=1",
					"$(inherited)",
				);
				GCC_WARN_64_TO_32_BIT_CONVERSION = YES;
				GCC_WARN_ABOUT_RETURN_TYPE = YES_ERROR;
				GCC_WARN_UNDECLARED_SELECTOR = YES;
				GCC_WARN_UNINITIALIZED_AUTOS = YES_AGGRESSIVE;
				GCC_WARN_UNUSED_FUNCTION = YES;
				GCC_WARN_UNUSED_VARIABLE = YES;
				IPHONEOS_DEPLOYMENT_TARGET = 16.2;
				MTL_ENABLE_DEBUG_INFO = INCLUDE_SOURCE;
				MTL_FAST_MATH = YES;
				ONLY_ACTIVE_ARCH = YES;
				SDKROOT = iphoneos;
				SWIFT_ACTIVE_COMPILATION_CONDITIONS = DEBUG;
				SWIFT_OPTIMIZATION_LEVEL = "-Onone";
			};
			name = Debug;
		};
		7A8EB8582A143C4600CCBE92 /* Release */ = {
			isa = XCBuildConfiguration;
			buildSettings = {
				ALWAYS_SEARCH_USER_PATHS = NO;
				CLANG_ANALYZER_NONNULL = YES;
				CLANG_ANALYZER_NUMBER_OBJECT_CONVERSION = YES_AGGRESSIVE;
				CLANG_CXX_LANGUAGE_STANDARD = "gnu++20";
				CLANG_ENABLE_MODULES = YES;
				CLANG_ENABLE_OBJC_ARC = YES;
				CLANG_ENABLE_OBJC_WEAK = YES;
				CLANG_WARN_BLOCK_CAPTURE_AUTORELEASING = YES;
				CLANG_WARN_BOOL_CONVERSION = YES;
				CLANG_WARN_COMMA = YES;
				CLANG_WARN_CONSTANT_CONVERSION = YES;
				CLANG_WARN_DEPRECATED_OBJC_IMPLEMENTATIONS = YES;
				CLANG_WARN_DIRECT_OBJC_ISA_USAGE = YES_ERROR;
				CLANG_WARN_DOCUMENTATION_COMMENTS = YES;
				CLANG_WARN_EMPTY_BODY = YES;
				CLANG_WARN_ENUM_CONVERSION = YES;
				CLANG_WARN_INFINITE_RECURSION = YES;
				CLANG_WARN_INT_CONVERSION = YES;
				CLANG_WARN_NON_LITERAL_NULL_CONVERSION = YES;
				CLANG_WARN_OBJC_IMPLICIT_RETAIN_SELF = YES;
				CLANG_WARN_OBJC_LITERAL_CONVERSION = YES;
				CLANG_WARN_OBJC_ROOT_CLASS = YES_ERROR;
				CLANG_WARN_QUOTED_INCLUDE_IN_FRAMEWORK_HEADER = YES;
				CLANG_WARN_RANGE_LOOP_ANALYSIS = YES;
				CLANG_WARN_STRICT_PROTOTYPES = YES;
				CLANG_WARN_SUSPICIOUS_MOVE = YES;
				CLANG_WARN_UNGUARDED_AVAILABILITY = YES_AGGRESSIVE;
				CLANG_WARN_UNREACHABLE_CODE = YES;
				CLANG_WARN__DUPLICATE_METHOD_MATCH = YES;
				COPY_PHASE_STRIP = NO;
				DEBUG_INFORMATION_FORMAT = "dwarf-with-dsym";
				ENABLE_NS_ASSERTIONS = NO;
				ENABLE_STRICT_OBJC_MSGSEND = YES;
				GCC_C_LANGUAGE_STANDARD = gnu11;
				GCC_NO_COMMON_BLOCKS = YES;
				GCC_WARN_64_TO_32_BIT_CONVERSION = YES;
				GCC_WARN_ABOUT_RETURN_TYPE = YES_ERROR;
				GCC_WARN_UNDECLARED_SELECTOR = YES;
				GCC_WARN_UNINITIALIZED_AUTOS = YES_AGGRESSIVE;
				GCC_WARN_UNUSED_FUNCTION = YES;
				GCC_WARN_UNUSED_VARIABLE = YES;
				IPHONEOS_DEPLOYMENT_TARGET = 16.2;
				MTL_ENABLE_DEBUG_INFO = NO;
				MTL_FAST_MATH = YES;
				SDKROOT = iphoneos;
				SWIFT_COMPILATION_MODE = wholemodule;
				SWIFT_OPTIMIZATION_LEVEL = "-O";
				VALIDATE_PRODUCT = YES;
			};
			name = Release;
		};
		7A8EB85A2A143C4600CCBE92 /* Debug */ = {
			isa = XCBuildConfiguration;
			buildSettings = {
				ASSETCATALOG_COMPILER_APPICON_NAME = AppIcon;
				ASSETCATALOG_COMPILER_GLOBAL_ACCENT_COLOR_NAME = AccentColor;
				CODE_SIGN_STYLE = Automatic;
				CURRENT_PROJECT_VERSION = 1;
				DEVELOPMENT_ASSET_PATHS = "\"SwiftfulCrypto/Preview Content\"";
				DEVELOPMENT_TEAM = B7CV4LAJ25;
				ENABLE_PREVIEWS = YES;
				GENERATE_INFOPLIST_FILE = YES;
				INFOPLIST_KEY_CFBundleDisplayName = "Crypto Tracker";
				INFOPLIST_KEY_UIApplicationSceneManifest_Generation = YES;
				INFOPLIST_KEY_UIApplicationSupportsIndirectInputEvents = YES;
				INFOPLIST_KEY_UILaunchScreen_Generation = YES;
				INFOPLIST_KEY_UISupportedInterfaceOrientations = UIInterfaceOrientationPortrait;
				LD_RUNPATH_SEARCH_PATHS = (
					"$(inherited)",
					"@executable_path/Frameworks",
				);
				MARKETING_VERSION = 1.0;
				PRODUCT_BUNDLE_IDENTIFIER = com.SalvadorGarcia.SwiftfulCrypto;
				PRODUCT_NAME = "$(TARGET_NAME)";
				SUPPORTED_PLATFORMS = "iphoneos iphonesimulator";
				SUPPORTS_MACCATALYST = NO;
				SUPPORTS_MAC_DESIGNED_FOR_IPHONE_IPAD = NO;
				SWIFT_EMIT_LOC_STRINGS = YES;
				SWIFT_VERSION = 5.0;
				TARGETED_DEVICE_FAMILY = "1,2";
			};
			name = Debug;
		};
		7A8EB85B2A143C4600CCBE92 /* Release */ = {
			isa = XCBuildConfiguration;
			buildSettings = {
				ASSETCATALOG_COMPILER_APPICON_NAME = AppIcon;
				ASSETCATALOG_COMPILER_GLOBAL_ACCENT_COLOR_NAME = AccentColor;
				CODE_SIGN_STYLE = Automatic;
				CURRENT_PROJECT_VERSION = 1;
				DEVELOPMENT_ASSET_PATHS = "\"SwiftfulCrypto/Preview Content\"";
				DEVELOPMENT_TEAM = B7CV4LAJ25;
				ENABLE_PREVIEWS = YES;
				GENERATE_INFOPLIST_FILE = YES;
				INFOPLIST_KEY_CFBundleDisplayName = "Crypto Tracker";
				INFOPLIST_KEY_UIApplicationSceneManifest_Generation = YES;
				INFOPLIST_KEY_UIApplicationSupportsIndirectInputEvents = YES;
				INFOPLIST_KEY_UILaunchScreen_Generation = YES;
				INFOPLIST_KEY_UISupportedInterfaceOrientations = UIInterfaceOrientationPortrait;
				LD_RUNPATH_SEARCH_PATHS = (
					"$(inherited)",
					"@executable_path/Frameworks",
				);
				MARKETING_VERSION = 1.0;
				PRODUCT_BUNDLE_IDENTIFIER = com.SalvadorGarcia.SwiftfulCrypto;
				PRODUCT_NAME = "$(TARGET_NAME)";
				SUPPORTED_PLATFORMS = "iphoneos iphonesimulator";
				SUPPORTS_MACCATALYST = NO;
				SUPPORTS_MAC_DESIGNED_FOR_IPHONE_IPAD = NO;
				SWIFT_EMIT_LOC_STRINGS = YES;
				SWIFT_VERSION = 5.0;
				TARGETED_DEVICE_FAMILY = "1,2";
			};
			name = Release;
		};
/* End XCBuildConfiguration section */

/* Begin XCConfigurationList section */
		7A8EB8462A143C4400CCBE92 /* Build configuration list for PBXProject "SwiftfulCrypto" */ = {
			isa = XCConfigurationList;
			buildConfigurations = (
				7A8EB8572A143C4600CCBE92 /* Debug */,
				7A8EB8582A143C4600CCBE92 /* Release */,
			);
			defaultConfigurationIsVisible = 0;
			defaultConfigurationName = Release;
		};
		7A8EB8592A143C4600CCBE92 /* Build configuration list for PBXNativeTarget "SwiftfulCrypto" */ = {
			isa = XCConfigurationList;
			buildConfigurations = (
				7A8EB85A2A143C4600CCBE92 /* Debug */,
				7A8EB85B2A143C4600CCBE92 /* Release */,
			);
			defaultConfigurationIsVisible = 0;
			defaultConfigurationName = Release;
		};
/* End XCConfigurationList section */
	};
	rootObject = 7A8EB8432A143C4400CCBE92 /* Project object */;
}
